
Microsoft Visual Studio Solution File, Format Version 12.00
# Visual Studio Version 17
VisualStudioVersion = 17.5.33627.172
MinimumVisualStudioVersion = 10.0.40219.1
Project("{FAE04EC0-301F-11D3-BF4B-00C04F79EFBC}") = "IdentityProjectAPI", "IdentityProjectAPI\IdentityProjectAPI.csproj", "{DD5AABC2-E0D7-4C3D-9BA8-75AF896BFC4C}"
EndProject
Global
	GlobalSection(SolutionConfigurationPlatforms) = preSolution
		Debug|Any CPU = Debug|Any CPU
		Release|Any CPU = Release|Any CPU
	EndGlobalSection
	GlobalSection(ProjectConfigurationPlatforms) = postSolution
		{DD5AABC2-E0D7-4C3D-9BA8-75AF896BFC4C}.Debug|Any CPU.ActiveCfg = Debug|Any CPU
		{DD5AABC2-E0D7-4C3D-9BA8-75AF896BFC4C}.Debug|Any CPU.Build.0 = Debug|Any CPU
		{DD5AABC2-E0D7-4C3D-9BA8-75AF896BFC4C}.Release|Any CPU.ActiveCfg = Release|Any CPU
		{DD5AABC2-E0D7-4C3D-9BA8-75AF896BFC4C}.Release|Any CPU.Build.0 = Release|Any CPU
	EndGlobalSection
	GlobalSection(SolutionProperties) = preSolution
		HideSolutionNode = FALSE
	EndGlobalSection
	GlobalSection(ExtensibilityGlobals) = postSolution
		SolutionGuid = {2183C1A1-7797-4FF1-ACA7-908B63DB36F8}
	EndGlobalSection
EndGlobal
